
Microsoft Visual Studio Solution File, Format Version 12.00
# Visual Studio Version 16
VisualStudioVersion = 16.0.31605.320
MinimumVisualStudioVersion = 10.0.40219.1
Project("{FAE04EC0-301F-11D3-BF4B-00C04F79EFBC}") = "Desafio herencia", "Desafio herencia.csproj", "{9933DE73-8D6B-4144-AD47-3A1AEA5CE75D}"
EndProject
Global
	GlobalSection(SolutionConfigurationPlatforms) = preSolution
		Debug|Any CPU = Debug|Any CPU
		Release|Any CPU = Release|Any CPU
	EndGlobalSection
	GlobalSection(ProjectConfigurationPlatforms) = postSolution
		{9933DE73-8D6B-4144-AD47-3A1AEA5CE75D}.Debug|Any CPU.ActiveCfg = Debug|Any CPU
		{9933DE73-8D6B-4144-AD47-3A1AEA5CE75D}.Debug|Any CPU.Build.0 = Debug|Any CPU
		{9933DE73-8D6B-4144-AD47-3A1AEA5CE75D}.Release|Any CPU.ActiveCfg = Release|Any CPU
		{9933DE73-8D6B-4144-AD47-3A1AEA5CE75D}.Release|Any CPU.Build.0 = Release|Any CPU
	EndGlobalSection
	GlobalSection(SolutionProperties) = preSolution
		HideSolutionNode = FALSE
	EndGlobalSection
	GlobalSection(ExtensibilityGlobals) = postSolution
		SolutionGuid = {20D3498C-31DB-4573-BE3B-358CC4C02238}
	EndGlobalSection
EndGlobal
