
Microsoft Visual Studio Solution File, Format Version 12.00
# Visual Studio 14
VisualStudioVersion = 14.0.25420.1
MinimumVisualStudioVersion = 10.0.40219.1
Project("{FAE04EC0-301F-11D3-BF4B-00C04F79EFBC}") = "ArrayList y List de objetos", "ArrayList y List de objetos\ArrayList y List de objetos.csproj", "{A210E1E1-AD62-4122-8D89-BE5A92A82660}"
EndProject
Global
	GlobalSection(SolutionConfigurationPlatforms) = preSolution
		Debug|Any CPU = Debug|Any CPU
		Release|Any CPU = Release|Any CPU
	EndGlobalSection
	GlobalSection(ProjectConfigurationPlatforms) = postSolution
		{A210E1E1-AD62-4122-8D89-BE5A92A82660}.Debug|Any CPU.ActiveCfg = Debug|Any CPU
		{A210E1E1-AD62-4122-8D89-BE5A92A82660}.Debug|Any CPU.Build.0 = Debug|Any CPU
		{A210E1E1-AD62-4122-8D89-BE5A92A82660}.Release|Any CPU.ActiveCfg = Release|Any CPU
		{A210E1E1-AD62-4122-8D89-BE5A92A82660}.Release|Any CPU.Build.0 = Release|Any CPU
	EndGlobalSection
	GlobalSection(SolutionProperties) = preSolution
		HideSolutionNode = FALSE
	EndGlobalSection
EndGlobal
